// !$*UTF8*$!
{
	archiveVersion = 1;
	classes = {
	};
	objectVersion = 46;
	objects = {

/* Begin PBXBuildFile section */
		9B1FA1B51E6948EC00BF5E59 /* 10_03.cpp in Sources */ = {isa = PBXBuildFile; fileRef = 9B1FA1B41E6948EC00BF5E59 /* 10_03.cpp */; };
/* End PBXBuildFile section */

/* Begin PBXCopyFilesBuildPhase section */
		9B1FA1A61E66BC3B00BF5E59 /* CopyFiles */ = {
			isa = PBXCopyFilesBuildPhase;
			buildActionMask = 2147483647;
			dstPath = /usr/share/man/man1/;
			dstSubfolderSpec = 0;
			files = (
			);
			runOnlyForDeploymentPostprocessing = 1;
		};
/* End PBXCopyFilesBuildPhase section */

/* Begin PBXFileReference section */
		9B1FA1A81E66BC3B00BF5E59 /* Ch10 */ = {isa = PBXFileReference; explicitFileType = "compiled.mach-o.executable"; includeInIndex = 0; path = Ch10; sourceTree = BUILT_PRODUCTS_DIR; };
		9B1FA1AB1E66BC3B00BF5E59 /* 10_01.cpp */ = {isa = PBXFileReference; lastKnownFileType = sourcecode.cpp.cpp; path = 10_01.cpp; sourceTree = "<group>"; };
		9B1FA1B21E68197E00BF5E59 /* 10_02.cpp */ = {isa = PBXFileReference; fileEncoding = 4; lastKnownFileType = sourcecode.cpp.cpp; name = 10_02.cpp; path = ../10_02.cpp; sourceTree = "<group>"; };
		9B1FA1B41E6948EC00BF5E59 /* 10_03.cpp */ = {isa = PBXFileReference; fileEncoding = 4; lastKnownFileType = sourcecode.cpp.cpp; path = 10_03.cpp; sourceTree = "<group>"; };
/* End PBXFileReference section */

/* Begin PBXFrameworksBuildPhase section */
		9B1FA1A51E66BC3B00BF5E59 /* Frameworks */ = {
			isa = PBXFrameworksBuildPhase;
			buildActionMask = 2147483647;
			files = (
			);
			runOnlyForDeploymentPostprocessing = 0;
		};
/* End PBXFrameworksBuildPhase section */

/* Begin PBXGroup section */
		9B1FA19F1E66BC3B00BF5E59 = {
			isa = PBXGroup;
			children = (
				9B1FA1AA1E66BC3B00BF5E59 /* Ch10 */,
				9B1FA1A91E66BC3B00BF5E59 /* Products */,
			);
			sourceTree = "<group>";
		};
		9B1FA1A91E66BC3B00BF5E59 /* Products */ = {
			isa = PBXGroup;
			children = (
				9B1FA1A81E66BC3B00BF5E59 /* Ch10 */,
			);
			name = Products;
			sourceTree = "<group>";
		};
		9B1FA1AA1E66BC3B00BF5E59 /* Ch10 */ = {
			isa = PBXGroup;
			children = (
				9B1FA1AB1E66BC3B00BF5E59 /* 10_01.cpp */,
				9B1FA1B21E68197E00BF5E59 /* 10_02.cpp */,
				9B1FA1B41E6948EC00BF5E59 /* 10_03.cpp */,
			);
			path = Ch10;
			sourceTree = "<group>";
		};
/* End PBXGroup section */

/* Begin PBXNativeTarget section */
		9B1FA1A71E66BC3B00BF5E59 /* Ch10 */ = {
			isa = PBXNativeTarget;
			buildConfigurationList = 9B1FA1AF1E66BC3B00BF5E59 /* Build configuration list for PBXNativeTarget "Ch10" */;
			buildPhases = (
				9B1FA1A41E66BC3B00BF5E59 /* Sources */,
				9B1FA1A51E66BC3B00BF5E59 /* Frameworks */,
				9B1FA1A61E66BC3B00BF5E59 /* CopyFiles */,
			);
			buildRules = (
			);
			dependencies = (
			);
			name = Ch10;
			productName = Ch10;
			productReference = 9B1FA1A81E66BC3B00BF5E59 /* Ch10 */;
			productType = "com.apple.product-type.tool";
		};
/* End PBXNativeTarget section */

/* Begin PBXProject section */
		9B1FA1A01E66BC3B00BF5E59 /* Project object */ = {
			isa = PBXProject;
			attributes = {
				LastUpgradeCheck = 0820;
				ORGANIZATIONNAME = wokic;
				TargetAttributes = {
					9B1FA1A71E66BC3B00BF5E59 = {
						CreatedOnToolsVersion = 8.2.1;
						ProvisioningStyle = Automatic;
					};
				};
			};
			buildConfigurationList = 9B1FA1A31E66BC3B00BF5E59 /* Build configuration list for PBXProject "Ch10" */;
			compatibilityVersion = "Xcode 3.2";
			developmentRegion = English;
			hasScannedForEncodings = 0;
			knownRegions = (
				en,
			);
			mainGroup = 9B1FA19F1E66BC3B00BF5E59;
			productRefGroup = 9B1FA1A91E66BC3B00BF5E59 /* Products */;
			projectDirPath = "";
			projectRoot = "";
			targets = (
				9B1FA1A71E66BC3B00BF5E59 /* Ch10 */,
			);
		};
/* End PBXProject section */

/* Begin PBXSourcesBuildPhase section */
		9B1FA1A41E66BC3B00BF5E59 /* Sources */ = {
			isa = PBXSourcesBuildPhase;
			buildActionMask = 2147483647;
			files = (
				9B1FA1B51E6948EC00BF5E59 /* 10_03.cpp in Sources */,
			);
			runOnlyForDeploymentPostprocessing = 0;
		};
/* End PBXSourcesBuildPhase section */

/* Begin XCBuildConfiguration section */
		9B1FA1AD1E66BC3B00BF5E59 /* Debug */ = {
			isa = XCBuildConfiguration;
			buildSettings = {
				ALWAYS_SEARCH_USER_PATHS = NO;
				CLANG_ANALYZER_NONNULL = YES;
				CLANG_CXX_LANGUAGE_STANDARD = "gnu++0x";
				CLANG_CXX_LIBRARY = "libc++";
				CLANG_ENABLE_MODULES = YES;
				CLANG_ENABLE_OBJC_ARC = YES;
				CLANG_WARN_BOOL_CONVERSION = YES;
				CLANG_WARN_CONSTANT_CONVERSION = YES;
				CLANG_WARN_DIRECT_OBJC_ISA_USAGE = YES_ERROR;
				CLANG_WARN_DOCUMENTATION_COMMENTS = YES;
				CLANG_WARN_EMPTY_BODY = YES;
				CLANG_WARN_ENUM_CONVERSION = YES;
				CLANG_WARN_INFINITE_RECURSION = YES;
				CLANG_WARN_INT_CONVERSION = YES;
				CLANG_WARN_OBJC_ROOT_CLASS = YES_ERROR;
				CLANG_WARN_SUSPICIOUS_MOVE = YES;
				CLANG_WARN_UNREACHABLE_CODE = YES;
				CLANG_WARN__DUPLICATE_METHOD_MATCH = YES;
				CODE_SIGN_IDENTITY = "-";
				COPY_PHASE_STRIP = NO;
				DEBUG_INFORMATION_FORMAT = dwarf;
				ENABLE_STRICT_OBJC_MSGSEND = YES;
				ENABLE_TESTABILITY = YES;
				GCC_C_LANGUAGE_STANDARD = gnu99;
				GCC_DYNAMIC_NO_PIC = NO;
				GCC_NO_COMMON_BLOCKS = YES;
				GCC_OPTIMIZATION_LEVEL = 0;
				GCC_PREPROCESSOR_DEFINITIONS = (
					"DEBUG=1",
					"$(inherited)",
				);
				GCC_WARN_64_TO_32_BIT_CONVERSION = YES;
				GCC_WARN_ABOUT_RETURN_TYPE = YES_ERROR;
				GCC_WARN_UNDECLARED_SELECTOR = YES;
				GCC_WARN_UNINITIALIZED_AUTOS = YES_AGGRESSIVE;
				GCC_WARN_UNUSED_FUNCTION = YES;
				GCC_WARN_UNUSED_VARIABLE = YES;
				MACOSX_DEPLOYMENT_TARGET = 10.12;
				MTL_ENABLE_DEBUG_INFO = YES;
				ONLY_ACTIVE_ARCH = YES;
				SDKROOT = macosx;
			};
			name = Debug;
		};
		9B1FA1AE1E66BC3B00BF5E59 /* Release */ = {
			isa = XCBuildConfiguration;
			buildSettings = {
				ALWAYS_SEARCH_USER_PATHS = NO;
				CLANG_ANALYZER_NONNULL = YES;
				CLANG_CXX_LANGUAGE_STANDARD = "gnu++0x";
				CLANG_CXX_LIBRARY = "libc++";
				CLANG_ENABLE_MODULES = YES;
				CLANG_ENABLE_OBJC_ARC = YES;
				CLANG_WARN_BOOL_CONVERSION = YES;
				CLANG_WARN_CONSTANT_CONVERSION = YES;
				CLANG_WARN_DIRECT_OBJC_ISA_USAGE = YES_ERROR;
				CLANG_WARN_DOCUMENTATION_COMMENTS = YES;
				CLANG_WARN_EMPTY_BODY = YES;
				CLANG_WARN_ENUM_CONVERSION = YES;
				CLANG_WARN_INFINITE_RECURSION = YES;
				CLANG_WARN_INT_CONVERSION = YES;
				CLANG_WARN_OBJC_ROOT_CLASS = YES_ERROR;
				CLANG_WARN_SUSPICIOUS_MOVE = YES;
				CLANG_WARN_UNREACHABLE_CODE = YES;
				CLANG_WARN__DUPLICATE_METHOD_MATCH = YES;
				CODE_SIGN_IDENTITY = "-";
				COPY_PHASE_STRIP = NO;
				DEBUG_INFORMATION_FORMAT = "dwarf-with-dsym";
				ENABLE_NS_ASSERTIONS = NO;
				ENABLE_STRICT_OBJC_MSGSEND = YES;
				GCC_C_LANGUAGE_STANDARD = gnu99;
				GCC_NO_COMMON_BLOCKS = YES;
				GCC_WARN_64_TO_32_BIT_CONVERSION = YES;
				GCC_WARN_ABOUT_RETURN_TYPE = YES_ERROR;
				GCC_WARN_UNDECLARED_SELECTOR = YES;
				GCC_WARN_UNINITIALIZED_AUTOS = YES_AGGRESSIVE;
				GCC_WARN_UNUSED_FUNCTION = YES;
				GCC_WARN_UNUSED_VARIABLE = YES;
				MACOSX_DEPLOYMENT_TARGET = 10.12;
				MTL_ENABLE_DEBUG_INFO = NO;
				SDKROOT = macosx;
			};
			name = Release;
		};
		9B1FA1B01E66BC3B00BF5E59 /* Debug */ = {
			isa = XCBuildConfiguration;
			buildSettings = {
				PRODUCT_NAME = "$(TARGET_NAME)";
			};
			name = Debug;
		};
		9B1FA1B11E66BC3B00BF5E59 /* Release */ = {
			isa = XCBuildConfiguration;
			buildSettings = {
				PRODUCT_NAME = "$(TARGET_NAME)";
			};
			name = Release;
		};
/* End XCBuildConfiguration section */

/* Begin XCConfigurationList section */
		9B1FA1A31E66BC3B00BF5E59 /* Build configuration list for PBXProject "Ch10" */ = {
			isa = XCConfigurationList;
			buildConfigurations = (
				9B1FA1AD1E66BC3B00BF5E59 /* Debug */,
				9B1FA1AE1E66BC3B00BF5E59 /* Release */,
			);
			defaultConfigurationIsVisible = 0;
			defaultConfigurationName = Release;
		};
		9B1FA1AF1E66BC3B00BF5E59 /* Build configuration list for PBXNativeTarget "Ch10" */ = {
			isa = XCConfigurationList;
			buildConfigurations = (
				9B1FA1B01E66BC3B00BF5E59 /* Debug */,
				9B1FA1B11E66BC3B00BF5E59 /* Release */,
			);
			defaultConfigurationIsVisible = 0;
		};
/* End XCConfigurationList section */
	};
	rootObject = 9B1FA1A01E66BC3B00BF5E59 /* Project object */;
}
